<Solution>
  <Folder Name="/Solution Items/">
    <File Path=".dockerignore" />
    <File Path=".editorconfig" />
    <File Path=".gitignore" />
    <File Path="dotnet-tools.json" />
    <File Path="global.json" />
    <File Path="README.md" />
    <File Path="AGENTS.md" />
  </Folder>
  <Project Path="ImageShare.Tests/ImageShare.Tests.csproj" />
  <Project Path="ImageShare/ImageShare.csproj" />
</Solution>
